
Microsoft Visual Studio Solution File, Format Version 12.00
# Visual Studio Version 17
VisualStudioVersion = 17.0.31903.59
MinimumVisualStudioVersion = 10.0.40219.1
Project("{2150E333-8FDC-42A3-9474-1A3956D46DE8}") = "src", "src", "{FF606998-6627-49AD-BD29-CF5B0E6A625A}"
EndProject
Project("{FAE04EC0-301F-11D3-BF4B-00C04F79EFBC}") = "Mooncake.EcommercePlatform.Domain", "src\Mooncake.EcommercePlatform.Domain\Mooncake.EcommercePlatform.Domain.csproj", "{751183F3-12B3-4C3F-898F-53948E2F0C3A}"
EndProject
Project("{FAE04EC0-301F-11D3-BF4B-00C04F79EFBC}") = "Mooncake.EcommercePlatform.Application", "src\Mooncake.EcommercePlatform.Application\Mooncake.EcommercePlatform.Application.csproj", "{22E5926A-807D-48E1-9FFC-D5224220FE16}"
EndProject
Project("{FAE04EC0-301F-11D3-BF4B-00C04F79EFBC}") = "Mooncake.EcommercePlatform.Infrastructure", "src\Mooncake.EcommercePlatform.Infrastructure\Mooncake.EcommercePlatform.Infrastructure.csproj", "{A3E4154C-4E87-4B2B-88EB-6C70E42A9A46}"
EndProject
Project("{FAE04EC0-301F-11D3-BF4B-00C04F79EFBC}") = "Mooncake.EcommercePlatform.WebApi", "src\Mooncake.EcommercePlatform.WebApi\Mooncake.EcommercePlatform.WebApi.csproj", "{FD32BB80-3B41-4449-91EC-CDB45AA5DDE6}"
EndProject
Global
	GlobalSection(SolutionConfigurationPlatforms) = preSolution
		Debug|Any CPU = Debug|Any CPU
		Release|Any CPU = Release|Any CPU
	EndGlobalSection
	GlobalSection(SolutionProperties) = preSolution
		HideSolutionNode = FALSE
	EndGlobalSection
	GlobalSection(ProjectConfigurationPlatforms) = postSolution
		{751183F3-12B3-4C3F-898F-53948E2F0C3A}.Debug|Any CPU.ActiveCfg = Debug|Any CPU
		{751183F3-12B3-4C3F-898F-53948E2F0C3A}.Debug|Any CPU.Build.0 = Debug|Any CPU
		{751183F3-12B3-4C3F-898F-53948E2F0C3A}.Release|Any CPU.ActiveCfg = Release|Any CPU
		{751183F3-12B3-4C3F-898F-53948E2F0C3A}.Release|Any CPU.Build.0 = Release|Any CPU
		{22E5926A-807D-48E1-9FFC-D5224220FE16}.Debug|Any CPU.ActiveCfg = Debug|Any CPU
		{22E5926A-807D-48E1-9FFC-D5224220FE16}.Debug|Any CPU.Build.0 = Debug|Any CPU
		{22E5926A-807D-48E1-9FFC-D5224220FE16}.Release|Any CPU.ActiveCfg = Release|Any CPU
		{22E5926A-807D-48E1-9FFC-D5224220FE16}.Release|Any CPU.Build.0 = Release|Any CPU
		{A3E4154C-4E87-4B2B-88EB-6C70E42A9A46}.Debug|Any CPU.ActiveCfg = Debug|Any CPU
		{A3E4154C-4E87-4B2B-88EB-6C70E42A9A46}.Debug|Any CPU.Build.0 = Debug|Any CPU
		{A3E4154C-4E87-4B2B-88EB-6C70E42A9A46}.Release|Any CPU.ActiveCfg = Release|Any CPU
		{A3E4154C-4E87-4B2B-88EB-6C70E42A9A46}.Release|Any CPU.Build.0 = Release|Any CPU
		{FD32BB80-3B41-4449-91EC-CDB45AA5DDE6}.Debug|Any CPU.ActiveCfg = Debug|Any CPU
		{FD32BB80-3B41-4449-91EC-CDB45AA5DDE6}.Debug|Any CPU.Build.0 = Debug|Any CPU
		{FD32BB80-3B41-4449-91EC-CDB45AA5DDE6}.Release|Any CPU.ActiveCfg = Release|Any CPU
		{FD32BB80-3B41-4449-91EC-CDB45AA5DDE6}.Release|Any CPU.Build.0 = Release|Any CPU
	EndGlobalSection
	GlobalSection(NestedProjects) = preSolution
		{751183F3-12B3-4C3F-898F-53948E2F0C3A} = {FF606998-6627-49AD-BD29-CF5B0E6A625A}
		{22E5926A-807D-48E1-9FFC-D5224220FE16} = {FF606998-6627-49AD-BD29-CF5B0E6A625A}
		{A3E4154C-4E87-4B2B-88EB-6C70E42A9A46} = {FF606998-6627-49AD-BD29-CF5B0E6A625A}
		{FD32BB80-3B41-4449-91EC-CDB45AA5DDE6} = {FF606998-6627-49AD-BD29-CF5B0E6A625A}
	EndGlobalSection
EndGlobal
